
Microsoft Visual Studio Solution File, Format Version 12.00
# Visual Studio 2012
Project("{FAE04EC0-301F-11D3-BF4B-00C04F79EFBC}") = "PROG_REL9_EJ13_Vera_G", "PROG_REL9_EJ13_Vera_G\PROG_REL9_EJ13_Vera_G.csproj", "{238D858B-3671-4C78-B2DD-1DF2B0474965}"
EndProject
Global
	GlobalSection(SolutionConfigurationPlatforms) = preSolution
		Debug|Any CPU = Debug|Any CPU
		Release|Any CPU = Release|Any CPU
	EndGlobalSection
	GlobalSection(ProjectConfigurationPlatforms) = postSolution
		{238D858B-3671-4C78-B2DD-1DF2B0474965}.Debug|Any CPU.ActiveCfg = Debug|Any CPU
		{238D858B-3671-4C78-B2DD-1DF2B0474965}.Debug|Any CPU.Build.0 = Debug|Any CPU
		{238D858B-3671-4C78-B2DD-1DF2B0474965}.Release|Any CPU.ActiveCfg = Release|Any CPU
		{238D858B-3671-4C78-B2DD-1DF2B0474965}.Release|Any CPU.Build.0 = Release|Any CPU
	EndGlobalSection
	GlobalSection(SolutionProperties) = preSolution
		HideSolutionNode = FALSE
	EndGlobalSection
EndGlobal
